
Microsoft Visual Studio Solution File, Format Version 12.00
# Visual Studio 15
VisualStudioVersion = 15.0.27004.2005
MinimumVisualStudioVersion = 10.0.40219.1
Project("{9A19103F-16F7-4668-BE54-9A1E7A4F7556}") = "Chinook.API", "Chinook.API\Chinook.API.csproj", "{459C8BDC-14DF-4018-9D83-7F9C7BCD11A7}"
EndProject
Project("{9A19103F-16F7-4668-BE54-9A1E7A4F7556}") = "Chinook.DataEFCore", "Chinook.DataEFCore\Chinook.DataEFCore.csproj", "{B41C3E92-1759-4A61-B74A-B22215DAE2E9}"
EndProject
Project("{9A19103F-16F7-4668-BE54-9A1E7A4F7556}") = "Chinook.Domain", "Chinook.Domain\Chinook.Domain.csproj", "{C39A66F8-DA58-4BF1-BE35-3875CE5CA279}"
EndProject
Project("{9A19103F-16F7-4668-BE54-9A1E7A4F7556}") = "Chinook.IntegrationTest", "Chinook.IntegrationTest\Chinook.IntegrationTest.csproj", "{24136F22-0699-4A37-A2AE-3DF233A6CF11}"
EndProject
Project("{FAE04EC0-301F-11D3-BF4B-00C04F79EFBC}") = "Chinook.MockData", "Chinook.MockData\Chinook.MockData.csproj", "{B93E7610-7D6A-4DE1-B49F-6D0D40EE1B5E}"
EndProject
Project("{FAE04EC0-301F-11D3-BF4B-00C04F79EFBC}") = "Chinook.UnitTest", "Chinook.UnitTest\Chinook.UnitTest.csproj", "{B93D4338-6789-43AE-AFAA-888A063132AF}"
EndProject
Project("{FAE04EC0-301F-11D3-BF4B-00C04F79EFBC}") = "Chinook.MSUnitTest", "Chinook.MSUnitTest\Chinook.MSUnitTest.csproj", "{056CB3F8-38DD-4D94-9C60-311097035C50}"
EndProject
Project("{FAE04EC0-301F-11D3-BF4B-00C04F79EFBC}") = "Chinook.DataEFCoreCmpldQry", "Chinook.DataEFCoreCmpldQry\Chinook.DataEFCoreCmpldQry.csproj", "{5CC524EE-9A39-4097-807D-A3E3D637FEDA}"
EndProject
Global
	GlobalSection(SolutionConfigurationPlatforms) = preSolution
		Debug|Any CPU = Debug|Any CPU
		Release|Any CPU = Release|Any CPU
	EndGlobalSection
	GlobalSection(ProjectConfigurationPlatforms) = postSolution
		{459C8BDC-14DF-4018-9D83-7F9C7BCD11A7}.Debug|Any CPU.ActiveCfg = Debug|Any CPU
		{459C8BDC-14DF-4018-9D83-7F9C7BCD11A7}.Debug|Any CPU.Build.0 = Debug|Any CPU
		{459C8BDC-14DF-4018-9D83-7F9C7BCD11A7}.Release|Any CPU.ActiveCfg = Release|Any CPU
		{459C8BDC-14DF-4018-9D83-7F9C7BCD11A7}.Release|Any CPU.Build.0 = Release|Any CPU
		{B41C3E92-1759-4A61-B74A-B22215DAE2E9}.Debug|Any CPU.ActiveCfg = Debug|Any CPU
		{B41C3E92-1759-4A61-B74A-B22215DAE2E9}.Debug|Any CPU.Build.0 = Debug|Any CPU
		{B41C3E92-1759-4A61-B74A-B22215DAE2E9}.Release|Any CPU.ActiveCfg = Release|Any CPU
		{B41C3E92-1759-4A61-B74A-B22215DAE2E9}.Release|Any CPU.Build.0 = Release|Any CPU
		{C39A66F8-DA58-4BF1-BE35-3875CE5CA279}.Debug|Any CPU.ActiveCfg = Debug|Any CPU
		{C39A66F8-DA58-4BF1-BE35-3875CE5CA279}.Debug|Any CPU.Build.0 = Debug|Any CPU
		{C39A66F8-DA58-4BF1-BE35-3875CE5CA279}.Release|Any CPU.ActiveCfg = Release|Any CPU
		{C39A66F8-DA58-4BF1-BE35-3875CE5CA279}.Release|Any CPU.Build.0 = Release|Any CPU
		{24136F22-0699-4A37-A2AE-3DF233A6CF11}.Debug|Any CPU.ActiveCfg = Debug|Any CPU
		{24136F22-0699-4A37-A2AE-3DF233A6CF11}.Debug|Any CPU.Build.0 = Debug|Any CPU
		{24136F22-0699-4A37-A2AE-3DF233A6CF11}.Release|Any CPU.ActiveCfg = Release|Any CPU
		{24136F22-0699-4A37-A2AE-3DF233A6CF11}.Release|Any CPU.Build.0 = Release|Any CPU
		{B93E7610-7D6A-4DE1-B49F-6D0D40EE1B5E}.Debug|Any CPU.ActiveCfg = Debug|Any CPU
		{B93E7610-7D6A-4DE1-B49F-6D0D40EE1B5E}.Debug|Any CPU.Build.0 = Debug|Any CPU
		{B93E7610-7D6A-4DE1-B49F-6D0D40EE1B5E}.Release|Any CPU.ActiveCfg = Release|Any CPU
		{B93E7610-7D6A-4DE1-B49F-6D0D40EE1B5E}.Release|Any CPU.Build.0 = Release|Any CPU
		{B93D4338-6789-43AE-AFAA-888A063132AF}.Debug|Any CPU.ActiveCfg = Debug|Any CPU
		{B93D4338-6789-43AE-AFAA-888A063132AF}.Debug|Any CPU.Build.0 = Debug|Any CPU
		{B93D4338-6789-43AE-AFAA-888A063132AF}.Release|Any CPU.ActiveCfg = Release|Any CPU
		{B93D4338-6789-43AE-AFAA-888A063132AF}.Release|Any CPU.Build.0 = Release|Any CPU
		{056CB3F8-38DD-4D94-9C60-311097035C50}.Debug|Any CPU.ActiveCfg = Debug|Any CPU
		{056CB3F8-38DD-4D94-9C60-311097035C50}.Debug|Any CPU.Build.0 = Debug|Any CPU
		{056CB3F8-38DD-4D94-9C60-311097035C50}.Release|Any CPU.ActiveCfg = Release|Any CPU
		{056CB3F8-38DD-4D94-9C60-311097035C50}.Release|Any CPU.Build.0 = Release|Any CPU
		{5CC524EE-9A39-4097-807D-A3E3D637FEDA}.Debug|Any CPU.ActiveCfg = Debug|Any CPU
		{5CC524EE-9A39-4097-807D-A3E3D637FEDA}.Debug|Any CPU.Build.0 = Debug|Any CPU
		{5CC524EE-9A39-4097-807D-A3E3D637FEDA}.Release|Any CPU.ActiveCfg = Release|Any CPU
		{5CC524EE-9A39-4097-807D-A3E3D637FEDA}.Release|Any CPU.Build.0 = Release|Any CPU
	EndGlobalSection
	GlobalSection(SolutionProperties) = preSolution
		HideSolutionNode = FALSE
	EndGlobalSection
	GlobalSection(ExtensibilityGlobals) = postSolution
		SolutionGuid = {74FA9AB4-04D9-4836-A2B9-7150BDE82D7E}
	EndGlobalSection
EndGlobal
